version = 1
requires-python = ">=3.11"

[[package]]
name = "cysignals"
version = "1.12.3"
source = { registry = "https://pypi.org/simple" }
sdist = { url = "https://files.pythonhosted.org/packages/0f/0a/7905fbf1820afba7a066e33c213816885526e466ac52aedb3c286fc2d53b/cysignals-1.12.3.tar.gz", hash = "sha256:89f7626dbf29db5ab3d6eff15a89978f4eb5193c320e9099bcc157dacdefd1eb", size = 65536 }
wheels = [
    { url = "https://files.pythonhosted.org/packages/b4/74/156fe16b08b7d252e235817eef378832add4570093d4d713ea099789fda6/cysignals-1.12.3-cp311-cp311-macosx_10_9_x86_64.whl", hash = "sha256:9f76346cd5fd4405d3c6a6f0a0795cb5e9e4ec9b45f70fdc1af8106ac4bbc2a0", size = 220549 },
    { url = "https://files.pythonhosted.org/packages/4c/c7/3e0cfe14568e4437d2bcd5207842f48c7c6be806dbb9135b27d706ea5208/cysignals-1.12.3-cp311-cp311-macosx_11_0_arm64.whl", hash = "sha256:4245c854f647b00b07a92969dc58670cf0d3830cee2fb626f03ecbab14c0862e", size = 213558 },
    { url = "https://files.pythonhosted.org/packages/e9/da/80789c4c8b38adc4e91c4a55ad8ce2fa501c0ba64b64496d0c8f05e93ecb/cysignals-1.12.3-cp311-cp311-manylinux_2_17_i686.manylinux2014_i686.whl", hash = "sha256:bae1a560419d984608e61b4203dbff042e17e51e49f2f361c1210d490e671348", size = 278461 },
    { url = "https://files.pythonhosted.org/packages/93/46/78e4d1944b80d82418a6702313f8472aa2911d1a1ab647a7a6846c326e75/cysignals-1.12.3-cp311-cp311-manylinux_2_17_x86_64.manylinux2014_x86_64.whl", hash = "sha256:f82610b6171ff56bba1bf569bba0ea455d15a644b2700a1d9b97ff46d93db5ae", size = 276107 },
    { url = "https://files.pythonhosted.org/packages/21/7c/326eb8b41fe93ae616d674742c13061d490944cd0c3c0088b494f9bf5a57/cysignals-1.12.3-cp311-cp311-musllinux_1_2_i686.whl", hash = "sha256:db302867f51568a8ec281f4cf198c779c1bd865758a7691216370bcdb9022bad", size = 287688 },
    { url = "https://files.pythonhosted.org/packages/d5/13/0e15f6aef6566c0373cdfb2059cd0725df6e2e395943c8701f86889d75b9/cysignals-1.12.3-cp311-cp311-musllinux_1_2_x86_64.whl", hash = "sha256:ccd521fe8dd8fd3157d7f58a6dab5dd757e7cde96bb8a2a6d7814b02f2944f34", size = 284278 },
    { url = "https://files.pythonhosted.org/packages/97/d5/3bc118b92d2059aa406c158ce69e3e7a1f6c4ddefdef21ff2cff2e4250f5/cysignals-1.12.3-cp312-cp312-macosx_10_9_x86_64.whl", hash = "sha256:f0dd725641587e68bb32cddd5ab35c233f2476998b224ff248e95902ace19003", size = 221891 },
    { url = "https://files.pythonhosted.org/packages/f2/0a/636d84944734f703dd5602bd5da172997e459ebeb516e3f85078337e9a50/cysignals-1.12.3-cp312-cp312-macosx_11_0_arm64.whl", hash = "sha256:f13223e51c72d113fd83a19918fca48a083a779a90c372d4c9e634ff529c15df", size = 214676 },
    { url = "https://files.pythonhosted.org/packages/a8/89/a9d42902b41c85f94392090000a1e581f19883d57687a93fa878925f6073/cysignals-1.12.3-cp312-cp312-manylinux_2_17_i686.manylinux2014_i686.whl", hash = "sha256:ad9c1f262e6acefc44c88aaac3abb33ca283cfe63ffd422ab38384435264e9cf", size = 276231 },
    { url = "https://files.pythonhosted.org/packages/33/7b/ea879771ef583c1b8dcfcd2178f1b02e21315b0974cef36203213901e4dd/cysignals-1.12.3-cp312-cp312-manylinux_2_17_x86_64.manylinux2014_x86_64.whl", hash = "sha256:2048d8e47986a868413a3ce8670893aafad1ce4c19942a2bcb3ddd1566aba524", size = 273563 },
    { url = "https://files.pythonhosted.org/packages/95/ec/c6f1157f43f4130e650e000868c14400e7cecb4f612346372b3b374e49d4/cysignals-1.12.3-cp312-cp312-musllinux_1_2_i686.whl", hash = "sha256:16b622853354530258bc8f3fa1180e090ca07f3d06214116344a98f0ef81bfcf", size = 286120 },
    { url = "https://files.pythonhosted.org/packages/71/3d/1652435d3cc4fcd79ed970d476a69686492612ea029983b46031c17452f2/cysignals-1.12.3-cp312-cp312-musllinux_1_2_x86_64.whl", hash = "sha256:c6055959431d92c8602559917c409a401273e98f13f1e750a13272a8350e0128", size = 282793 },
]

[[package]]
name = "fpylll"
version = "0.6.4"
source = { registry = "https://pypi.org/simple" }
sdist = { url = "https://files.pythonhosted.org/packages/6b/46/a2ee5fb35426405f76739958b16427c0cc2e06a694b8532ab7ec43ae1683/fpylll-0.6.4.tar.gz", hash = "sha256:711d60d8ada46a410932cc45587728b4c7f4ea38a9b8d0be061f5ce098632ecd", size = 124097 }
wheels = [
    { url = "https://files.pythonhosted.org/packages/68/97/35ade078f07420e5cb6ad82fb8fb1e73f0dd45f5e21ee091c099ee2ce34d/fpylll-0.6.4-cp311-cp311-macosx_10_9_x86_64.whl", hash = "sha256:37b193a23c87e23f2defd74452bc45c94a4b9544f72877b629543182a117a077", size = 8872821 },
    { url = "https://files.pythonhosted.org/packages/73/a4/9c1a9acc0b224ffd14842b178a51200b3bf23bc808e944c551b6751c212b/fpylll-0.6.4-cp311-cp311-macosx_11_0_arm64.whl", hash = "sha256:410498596b61f853cae2e5acbbf67f7a15bb63ad611c0e0b5a3fd4e9ba134c43", size = 8149229 },
    { url = "https://files.pythonhosted.org/packages/ea/c0/532860558c4c37f9c4fafff55b441114df866cd1b9bd5fba3a170aa46d62/fpylll-0.6.4-cp311-cp311-manylinux_2_17_aarch64.manylinux2014_aarch64.whl", hash = "sha256:413e94ae614e7509dd1c1ff888380362ccc1760c38b0acc946f778f698b22d5f", size = 40583702 },
    { url = "https://files.pythonhosted.org/packages/88/8f/b55d7820e03f1100838ccd5ba8946e0edc12e915aa698c040d037ede94c6/fpylll-0.6.4-cp311-cp311-manylinux_2_17_i686.manylinux2014_i686.whl", hash = "sha256:d7ae00631fe805c94da6bbe0a84f752d2f71032f49e6f95810a786e451aa713d", size = 39740385 },
    { url = "https://files.pythonhosted.org/packages/92/3a/f4363d626105a7aea3fb5def30ff87728e85c963bb7c012c202e1eba1c73/fpylll-0.6.4-cp311-cp311-manylinux_2_17_x86_64.manylinux2014_x86_64.whl", hash = "sha256:63296ad0af5faaa5862aa6a245e409d690342d0816de73c11fb6b329308f766a", size = 41603887 },
    { url = "https://files.pythonhosted.org/packages/08/72/4d7181ac5def098f1b6c5c1ddfcc51734f693ca29fecbd1565380e714a37/fpylll-0.6.4-cp311-cp311-musllinux_1_2_aarch64.whl", hash = "sha256:9d930764adf9c4344b6a455db0b22b3669084d032224702f50263bacafb0c60e", size = 37816987 },
    { url = "https://files.pythonhosted.org/packages/77/b4/6f36960b926301162a3ac1d120958a278a2930632b05e77b99caafdff92c/fpylll-0.6.4-cp311-cp311-musllinux_1_2_i686.whl", hash = "sha256:0424135fe4e66fde1d8dbe372c5e1d015ba741b58ebda3a83349f09aaf312d53", size = 37618650 },
    { url = "https://files.pythonhosted.org/packages/69/34/710057dd462d9a3e01e98accce4f28f1ea68c18dd91c8ff260d7ea647eaf/fpylll-0.6.4-cp311-cp311-musllinux_1_2_x86_64.whl", hash = "sha256:ff7f9c65f7b5a9abea9241319ccac0abad143945e954d6e65d0746eb1366744f", size = 38263541 },
    { url = "https://files.pythonhosted.org/packages/e8/73/df2da0a1ce17b4b76862168a8e0d5aa1ce50130a12abf057930334c55551/fpylll-0.6.4-cp312-cp312-macosx_10_13_x86_64.whl", hash = "sha256:7b8a758fb48dd226aed0d3cfc38045ddc8148f342c6f2af8375fb31d3124db96", size = 8857269 },
    { url = "https://files.pythonhosted.org/packages/89/86/ea30773588de66f60076fd050748fc99801ca2dde9888a600871f45a15e1/fpylll-0.6.4-cp312-cp312-macosx_11_0_arm64.whl", hash = "sha256:ab2806138faa21bdcac5bf4f6836bd2d0dda3958a5b0469ffe597cb229688863", size = 8139889 },
    { url = "https://files.pythonhosted.org/packages/ac/82/8a325b6bf13361cf2f387df4ebe746913f9a86e65e99ca405805b1468413/fpylll-0.6.4-cp312-cp312-manylinux_2_17_aarch64.manylinux2014_aarch64.whl", hash = "sha256:ed5b1ddbab1605b8c8ea4797609a74655244820ab01273e12bafa371f3e9df96", size = 40582507 },
    { url = "https://files.pythonhosted.org/packages/08/7c/94b43c83d254a449e6f6435cebca6579e8cabdb5f1663d75c68f69b0795c/fpylll-0.6.4-cp312-cp312-manylinux_2_17_i686.manylinux2014_i686.whl", hash = "sha256:8555af884ebf7f49b9383d1b80e4182d43e57d6ba5f10674c601d0fb6718d031", size = 39771267 },
    { url = "https://files.pythonhosted.org/packages/11/15/164e96e1ee21e48d6c58cc5562d5bb3d72963ecdfb85b8fb158b6395a89f/fpylll-0.6.4-cp312-cp312-manylinux_2_17_x86_64.manylinux2014_x86_64.whl", hash = "sha256:05f43362f2803207a8a6dfe5bad41c64df2479cded1338490bad773ca78b5ba1", size = 41630614 },
    { url = "https://files.pythonhosted.org/packages/7d/80/9121646b656bb98214c284adca0c5b931ab6b77751c460e6eb1ea3f6df6d/fpylll-0.6.4-cp312-cp312-musllinux_1_2_aarch64.whl", hash = "sha256:3cac08aaf422fc939da1229feb4400d0c7a75d090e0a312ca0e9ffd98536c255", size = 37806280 },
    { url = "https://files.pythonhosted.org/packages/80/b5/92add74022723b369ed1f2e6d972ee7ec31cbfcf324b2924724ef04556f9/fpylll-0.6.4-cp312-cp312-musllinux_1_2_i686.whl", hash = "sha256:b0e0fff43357036f121998f9ed0b6291f2719da1476b0b2566a76a12ac9a8502", size = 37630646 },
    { url = "https://files.pythonhosted.org/packages/cd/10/1c29764464a4b3e0982f541e96e74ef0cc16cc0992deaba105fca0cbe3b1/fpylll-0.6.4-cp312-cp312-musllinux_1_2_x86_64.whl", hash = "sha256:79b4f57ae885bb80c7a93bfb31cc70937ba3d2f40d85c5d988db371a2b4b4b89", size = 38271974 },
    { url = "https://files.pythonhosted.org/packages/18/f6/9250de0daf2e6a30bbc43bff9918720e5b3998751892e0c9fc89820d913e/fpylll-0.6.4-cp313-cp313-macosx_10_13_x86_64.whl", hash = "sha256:9b734b2911e840d50496bde23f6877bcd24d30be5023db155fe141d7bc6b77e6", size = 8846989 },
    { url = "https://files.pythonhosted.org/packages/ce/cc/b7438e64ef158a1c86eae71d01de4b8df9aaa6bd2d898ddfc12d4aea7e76/fpylll-0.6.4-cp313-cp313-macosx_11_0_arm64.whl", hash = "sha256:01df86092bc375ca769267af6a5b387cc6d8c8bb97ccb508dc0198eea09fdf9e", size = 8129917 },
    { url = "https://files.pythonhosted.org/packages/8d/b4/0db8bcb69fe862f3ad09ca3c3e07b683dd56d5541cd3a1b8ab95cb8e2da5/fpylll-0.6.4-cp313-cp313-manylinux_2_17_aarch64.manylinux2014_aarch64.whl", hash = "sha256:92fb2dae94e5cc03552b197cab0a405735ac4a05bdf4ba24afb9f55a55ef1914", size = 40514426 },
    { url = "https://files.pythonhosted.org/packages/06/5e/b253d49bb8d3c9dae4d628b49aac61ad40b989dbda53155b79efd06485c1/fpylll-0.6.4-cp313-cp313-manylinux_2_17_i686.manylinux2014_i686.whl", hash = "sha256:8c26640d7799e7fb8027bd451d2269b122f6cce84208715acc3209db2d07f503", size = 39723058 },
    { url = "https://files.pythonhosted.org/packages/45/fe/b1cd9ca160b755e1e31fa299d9b0395e515cc7e824f67e22c4c839e85bf7/fpylll-0.6.4-cp313-cp313-manylinux_2_17_x86_64.manylinux2014_x86_64.whl", hash = "sha256:2ffcb65e1f93afb1b3a56973664f16e5f3bf8bce9bc89be6b1bbed8451e47d2e", size = 41583553 },
    { url = "https://files.pythonhosted.org/packages/12/39/639fa36d5c7b76866350f909796a286a07f0ab9adc0a0ee4a5c613abcd76/fpylll-0.6.4-cp313-cp313-musllinux_1_2_aarch64.whl", hash = "sha256:84377d5d00b729f4518ef611652bddb08d782a73b349fcc79c73ad9222fc0efb", size = 37755771 },
    { url = "https://files.pythonhosted.org/packages/7f/c0/99ea280ad92e3e04b1d6757592ab59f4f6fcd46c0be5a09f8ab7252913d5/fpylll-0.6.4-cp313-cp313-musllinux_1_2_i686.whl", hash = "sha256:c69063844702a89288e7e6247544e45433fd94c89c0e6c0f9cce4ca23cb1d3df", size = 37584869 },
    { url = "https://files.pythonhosted.org/packages/18/31/1adcc4cd76df1fa6fbf8eac8823a45b27815c17b34e1cd6456865c2d65e7/fpylll-0.6.4-cp313-cp313-musllinux_1_2_x86_64.whl", hash = "sha256:d181855dfe3f5a6e4b4d9aced1b725fa66b3cff09cac30ef6b5be762120acb3d", size = 38234589 },
]

[[package]]
name = "mpmath"
version = "1.3.0"
source = { registry = "https://pypi.org/simple" }
sdist = { url = "https://files.pythonhosted.org/packages/e0/47/dd32fa426cc72114383ac549964eecb20ecfd886d1e5ccf5340b55b02f57/mpmath-1.3.0.tar.gz", hash = "sha256:7a28eb2a9774d00c7bc92411c19a89209d5da7c4c9a9e227be8330a23a25b91f", size = 508106 }
wheels = [
    { url = "https://files.pythonhosted.org/packages/43/e3/7d92a15f894aa0c9c4b49b8ee9ac9850d6e63b03c9c32c0367a13ae62209/mpmath-1.3.0-py3-none-any.whl", hash = "sha256:a0b2b9fe80bbcd81a6647ff13108738cfb482d481d826cc0e02f5b35e5c88d2c", size = 536198 },
]

[[package]]
name = "networkx"
version = "3.4.2"
source = { registry = "https://pypi.org/simple" }
sdist = { url = "https://files.pythonhosted.org/packages/fd/1d/06475e1cd5264c0b870ea2cc6fdb3e37177c1e565c43f56ff17a10e3937f/networkx-3.4.2.tar.gz", hash = "sha256:307c3669428c5362aab27c8a1260aa8f47c4e91d3891f48be0141738d8d053e1", size = 2151368 }
wheels = [
    { url = "https://files.pythonhosted.org/packages/b9/54/dd730b32ea14ea797530a4479b2ed46a6fb250f682a9cfb997e968bf0261/networkx-3.4.2-py3-none-any.whl", hash = "sha256:df5d4365b724cf81b8c6a7312509d0c22386097011ad1abe274afd5e9d3bbc5f", size = 1723263 },
]

[[package]]
name = "numpy"
version = "2.2.6"
source = { registry = "https://pypi.org/simple" }
sdist = { url = "https://files.pythonhosted.org/packages/76/21/7d2a95e4bba9dc13d043ee156a356c0a8f0c6309dff6b21b4d71a073b8a8/numpy-2.2.6.tar.gz", hash = "sha256:e29554e2bef54a90aa5cc07da6ce955accb83f21ab5de01a62c8478897b264fd", size = 20276440 }
wheels = [
    { url = "https://files.pythonhosted.org/packages/da/a8/4f83e2aa666a9fbf56d6118faaaf5f1974d456b1823fda0a176eff722839/numpy-2.2.6-cp311-cp311-macosx_10_9_x86_64.whl", hash = "sha256:f9f1adb22318e121c5c69a09142811a201ef17ab257a1e66ca3025065b7f53ae", size = 21176963 },
    { url = "https://files.pythonhosted.org/packages/b3/2b/64e1affc7972decb74c9e29e5649fac940514910960ba25cd9af4488b66c/numpy-2.2.6-cp311-cp311-macosx_11_0_arm64.whl", hash = "sha256:c820a93b0255bc360f53eca31a0e676fd1101f673dda8da93454a12e23fc5f7a", size = 14406743 },
    { url = "https://files.pythonhosted.org/packages/4a/9f/0121e375000b5e50ffdd8b25bf78d8e1a5aa4cca3f185d41265198c7b834/numpy-2.2.6-cp311-cp311-macosx_14_0_arm64.whl", hash = "sha256:3d70692235e759f260c3d837193090014aebdf026dfd167834bcba43e30c2a42", size = 5352616 },
    { url = "https://files.pythonhosted.org/packages/31/0d/b48c405c91693635fbe2dcd7bc84a33a602add5f63286e024d3b6741411c/numpy-2.2.6-cp311-cp311-macosx_14_0_x86_64.whl", hash = "sha256:481b49095335f8eed42e39e8041327c05b0f6f4780488f61286ed3c01368d491", size = 6889579 },
    { url = "https://files.pythonhosted.org/packages/52/b8/7f0554d49b565d0171eab6e99001846882000883998e7b7d9f0d98b1f934/numpy-2.2.6-cp311-cp311-manylinux_2_17_aarch64.manylinux2014_aarch64.whl", hash = "sha256:b64d8d4d17135e00c8e346e0a738deb17e754230d7e0810ac5012750bbd85a5a", size = 14312005 },
    { url = "https://files.pythonhosted.org/packages/b3/dd/2238b898e51bd6d389b7389ffb20d7f4c10066d80351187ec8e303a5a475/numpy-2.2.6-cp311-cp311-manylinux_2_17_x86_64.manylinux2014_x86_64.whl", hash = "sha256:ba10f8411898fc418a521833e014a77d3ca01c15b0c6cdcce6a0d2897e6dbbdf", size = 16821570 },
    { url = "https://files.pythonhosted.org/packages/83/6c/44d0325722cf644f191042bf47eedad61c1e6df2432ed65cbe28509d404e/numpy-2.2.6-cp311-cp311-musllinux_1_2_aarch64.whl", hash = "sha256:bd48227a919f1bafbdda0583705e547892342c26fb127219d60a5c36882609d1", size = 15818548 },
    { url = "https://files.pythonhosted.org/packages/ae/9d/81e8216030ce66be25279098789b665d49ff19eef08bfa8cb96d4957f422/numpy-2.2.6-cp311-cp311-musllinux_1_2_x86_64.whl", hash = "sha256:9551a499bf125c1d4f9e250377c1ee2eddd02e01eac6644c080162c0c51778ab", size = 18620521 },
    { url = "https://files.pythonhosted.org/packages/6a/fd/e19617b9530b031db51b0926eed5345ce8ddc669bb3bc0044b23e275ebe8/numpy-2.2.6-cp311-cp311-win32.whl", hash = "sha256:0678000bb9ac1475cd454c6b8c799206af8107e310843532b04d49649c717a47", size = 6525866 },
    { url = "https://files.pythonhosted.org/packages/31/0a/f354fb7176b81747d870f7991dc763e157a934c717b67b58456bc63da3df/numpy-2.2.6-cp311-cp311-win_amd64.whl", hash = "sha256:e8213002e427c69c45a52bbd94163084025f533a55a59d6f9c5b820774ef3303", size = 12907455 },
    { url = "https://files.pythonhosted.org/packages/82/5d/c00588b6cf18e1da539b45d3598d3557084990dcc4331960c15ee776ee41/numpy-2.2.6-cp312-cp312-macosx_10_13_x86_64.whl", hash = "sha256:41c5a21f4a04fa86436124d388f6ed60a9343a6f767fced1a8a71c3fbca038ff", size = 20875348 },
    { url = "https://files.pythonhosted.org/packages/66/ee/560deadcdde6c2f90200450d5938f63a34b37e27ebff162810f716f6a230/numpy-2.2.6-cp312-cp312-macosx_11_0_arm64.whl", hash = "sha256:de749064336d37e340f640b05f24e9e3dd678c57318c7289d222a8a2f543e90c", size = 14119362 },
    { url = "https://files.pythonhosted.org/packages/3c/65/4baa99f1c53b30adf0acd9a5519078871ddde8d2339dc5a7fde80d9d87da/numpy-2.2.6-cp312-cp312-macosx_14_0_arm64.whl", hash = "sha256:894b3a42502226a1cac872f840030665f33326fc3dac8e57c607905773cdcde3", size = 5084103 },
    { url = "https://files.pythonhosted.org/packages/cc/89/e5a34c071a0570cc40c9a54eb472d113eea6d002e9ae12bb3a8407fb912e/numpy-2.2.6-cp312-cp312-macosx_14_0_x86_64.whl", hash = "sha256:71594f7c51a18e728451bb50cc60a3ce4e6538822731b2933209a1f3614e9282", size = 6625382 },
    { url = "https://files.pythonhosted.org/packages/f8/35/8c80729f1ff76b3921d5c9487c7ac3de9b2a103b1cd05e905b3090513510/numpy-2.2.6-cp312-cp312-manylinux_2_17_aarch64.manylinux2014_aarch64.whl", hash = "sha256:f2618db89be1b4e05f7a1a847a9c1c0abd63e63a1607d892dd54668dd92faf87", size = 14018462 },
    { url = "https://files.pythonhosted.org/packages/8c/3d/1e1db36cfd41f895d266b103df00ca5b3cbe965184df824dec5c08c6b803/numpy-2.2.6-cp312-cp312-manylinux_2_17_x86_64.manylinux2014_x86_64.whl", hash = "sha256:fd83c01228a688733f1ded5201c678f0c53ecc1006ffbc404db9f7a899ac6249", size = 16527618 },
    { url = "https://files.pythonhosted.org/packages/61/c6/03ed30992602c85aa3cd95b9070a514f8b3c33e31124694438d88809ae36/numpy-2.2.6-cp312-cp312-musllinux_1_2_aarch64.whl", hash = "sha256:37c0ca431f82cd5fa716eca9506aefcabc247fb27ba69c5062a6d3ade8cf8f49", size = 15505511 },
    { url = "https://files.pythonhosted.org/packages/b7/25/5761d832a81df431e260719ec45de696414266613c9ee268394dd5ad8236/numpy-2.2.6-cp312-cp312-musllinux_1_2_x86_64.whl", hash = "sha256:fe27749d33bb772c80dcd84ae7e8df2adc920ae8297400dabec45f0dedb3f6de", size = 18313783 },
    { url = "https://files.pythonhosted.org/packages/57/0a/72d5a3527c5ebffcd47bde9162c39fae1f90138c961e5296491ce778e682/numpy-2.2.6-cp312-cp312-win32.whl", hash = "sha256:4eeaae00d789f66c7a25ac5f34b71a7035bb474e679f410e5e1a94deb24cf2d4", size = 6246506 },
    { url = "https://files.pythonhosted.org/packages/36/fa/8c9210162ca1b88529ab76b41ba02d433fd54fecaf6feb70ef9f124683f1/numpy-2.2.6-cp312-cp312-win_amd64.whl", hash = "sha256:c1f9540be57940698ed329904db803cf7a402f3fc200bfe599334c9bd84a40b2", size = 12614190 },
    { url = "https://files.pythonhosted.org/packages/f9/5c/6657823f4f594f72b5471f1db1ab12e26e890bb2e41897522d134d2a3e81/numpy-2.2.6-cp313-cp313-macosx_10_13_x86_64.whl", hash = "sha256:0811bb762109d9708cca4d0b13c4f67146e3c3b7cf8d34018c722adb2d957c84", size = 20867828 },
    { url = "https://files.pythonhosted.org/packages/dc/9e/14520dc3dadf3c803473bd07e9b2bd1b69bc583cb2497b47000fed2fa92f/numpy-2.2.6-cp313-cp313-macosx_11_0_arm64.whl", hash = "sha256:287cc3162b6f01463ccd86be154f284d0893d2b3ed7292439ea97eafa8170e0b", size = 14143006 },
    { url = "https://files.pythonhosted.org/packages/4f/06/7e96c57d90bebdce9918412087fc22ca9851cceaf5567a45c1f404480e9e/numpy-2.2.6-cp313-cp313-macosx_14_0_arm64.whl", hash = "sha256:f1372f041402e37e5e633e586f62aa53de2eac8d98cbfb822806ce4bbefcb74d", size = 5076765 },
    { url = "https://files.pythonhosted.org/packages/73/ed/63d920c23b4289fdac96ddbdd6132e9427790977d5457cd132f18e76eae0/numpy-2.2.6-cp313-cp313-macosx_14_0_x86_64.whl", hash = "sha256:55a4d33fa519660d69614a9fad433be87e5252f4b03850642f88993f7b2ca566", size = 6617736 },
    { url = "https://files.pythonhosted.org/packages/85/c5/e19c8f99d83fd377ec8c7e0cf627a8049746da54afc24ef0a0cb73d5dfb5/numpy-2.2.6-cp313-cp313-manylinux_2_17_aarch64.manylinux2014_aarch64.whl", hash = "sha256:f92729c95468a2f4f15e9bb94c432a9229d0d50de67304399627a943201baa2f", size = 14010719 },
    { url = "https://files.pythonhosted.org/packages/19/49/4df9123aafa7b539317bf6d342cb6d227e49f7a35b99c287a6109b13dd93/numpy-2.2.6-cp313-cp313-manylinux_2_17_x86_64.manylinux2014_x86_64.whl", hash = "sha256:1bc23a79bfabc5d056d106f9befb8d50c31ced2fbc70eedb8155aec74a45798f", size = 16526072 },
    { url = "https://files.pythonhosted.org/packages/b2/6c/04b5f47f4f32f7c2b0e7260442a8cbcf8168b0e1a41ff1495da42f42a14f/numpy-2.2.6-cp313-cp313-musllinux_1_2_aarch64.whl", hash = "sha256:e3143e4451880bed956e706a3220b4e5cf6172ef05fcc397f6f36a550b1dd868", size = 15503213 },
    { url = "https://files.pythonhosted.org/packages/17/0a/5cd92e352c1307640d5b6fec1b2ffb06cd0dabe7d7b8227f97933d378422/numpy-2.2.6-cp313-cp313-musllinux_1_2_x86_64.whl", hash = "sha256:b4f13750ce79751586ae2eb824ba7e1e8dba64784086c98cdbbcc6a42112ce0d", size = 18316632 },
    { url = "https://files.pythonhosted.org/packages/f0/3b/5cba2b1d88760ef86596ad0f3d484b1cbff7c115ae2429678465057c5155/numpy-2.2.6-cp313-cp313-win32.whl", hash = "sha256:5beb72339d9d4fa36522fc63802f469b13cdbe4fdab4a288f0c441b74272ebfd", size = 6244532 },
    { url = "https://files.pythonhosted.org/packages/cb/3b/d58c12eafcb298d4e6d0d40216866ab15f59e55d148a5658bb3132311fcf/numpy-2.2.6-cp313-cp313-win_amd64.whl", hash = "sha256:b0544343a702fa80c95ad5d3d608ea3599dd54d4632df855e4c8d24eb6ecfa1c", size = 12610885 },
    { url = "https://files.pythonhosted.org/packages/6b/9e/4bf918b818e516322db999ac25d00c75788ddfd2d2ade4fa66f1f38097e1/numpy-2.2.6-cp313-cp313t-macosx_10_13_x86_64.whl", hash = "sha256:0bca768cd85ae743b2affdc762d617eddf3bcf8724435498a1e80132d04879e6", size = 20963467 },
    { url = "https://files.pythonhosted.org/packages/61/66/d2de6b291507517ff2e438e13ff7b1e2cdbdb7cb40b3ed475377aece69f9/numpy-2.2.6-cp313-cp313t-macosx_11_0_arm64.whl", hash = "sha256:fc0c5673685c508a142ca65209b4e79ed6740a4ed6b2267dbba90f34b0b3cfda", size = 14225144 },
    { url = "https://files.pythonhosted.org/packages/e4/25/480387655407ead912e28ba3a820bc69af9adf13bcbe40b299d454ec011f/numpy-2.2.6-cp313-cp313t-macosx_14_0_arm64.whl", hash = "sha256:5bd4fc3ac8926b3819797a7c0e2631eb889b4118a9898c84f585a54d475b7e40", size = 5200217 },
    { url = "https://files.pythonhosted.org/packages/aa/4a/6e313b5108f53dcbf3aca0c0f3e9c92f4c10ce57a0a721851f9785872895/numpy-2.2.6-cp313-cp313t-macosx_14_0_x86_64.whl", hash = "sha256:fee4236c876c4e8369388054d02d0e9bb84821feb1a64dd59e137e6511a551f8", size = 6712014 },
    { url = "https://files.pythonhosted.org/packages/b7/30/172c2d5c4be71fdf476e9de553443cf8e25feddbe185e0bd88b096915bcc/numpy-2.2.6-cp313-cp313t-manylinux_2_17_aarch64.manylinux2014_aarch64.whl", hash = "sha256:e1dda9c7e08dc141e0247a5b8f49cf05984955246a327d4c48bda16821947b2f", size = 14077935 },
    { url = "https://files.pythonhosted.org/packages/12/fb/9e743f8d4e4d3c710902cf87af3512082ae3d43b945d5d16563f26ec251d/numpy-2.2.6-cp313-cp313t-manylinux_2_17_x86_64.manylinux2014_x86_64.whl", hash = "sha256:f447e6acb680fd307f40d3da4852208af94afdfab89cf850986c3ca00562f4fa", size = 16600122 },
    { url = "https://files.pythonhosted.org/packages/12/75/ee20da0e58d3a66f204f38916757e01e33a9737d0b22373b3eb5a27358f9/numpy-2.2.6-cp313-cp313t-musllinux_1_2_aarch64.whl", hash = "sha256:389d771b1623ec92636b0786bc4ae56abafad4a4c513d36a55dce14bd9ce8571", size = 15586143 },
    { url = "https://files.pythonhosted.org/packages/76/95/bef5b37f29fc5e739947e9ce5179ad402875633308504a52d188302319c8/numpy-2.2.6-cp313-cp313t-musllinux_1_2_x86_64.whl", hash = "sha256:8e9ace4a37db23421249ed236fdcdd457d671e25146786dfc96835cd951aa7c1", size = 18385260 },
    { url = "https://files.pythonhosted.org/packages/09/04/f2f83279d287407cf36a7a8053a5abe7be3622a4363337338f2585e4afda/numpy-2.2.6-cp313-cp313t-win32.whl", hash = "sha256:038613e9fb8c72b0a41f025a7e4c3f0b7a1b5d768ece4796b674c8f3fe13efff", size = 6377225 },
    { url = "https://files.pythonhosted.org/packages/67/0e/35082d13c09c02c011cf21570543d202ad929d961c02a147493cb0c2bdf5/numpy-2.2.6-cp313-cp313t-win_amd64.whl", hash = "sha256:6031dd6dfecc0cf9f668681a37648373bddd6421fff6c66ec1624eed0180ee06", size = 12771374 },
]

[[package]]
name = "repl-nix-workspace"
version = "0.1.0"
source = { virtual = "." }
dependencies = [
    { name = "cysignals" },
    { name = "fpylll" },
    { name = "networkx" },
    { name = "numpy" },
    { name = "sympy" },
]

[package.metadata]
requires-dist = [
    { name = "cysignals", specifier = ">=1.12.3" },
    { name = "fpylll", specifier = ">=0.6.4" },
    { name = "networkx", specifier = ">=3.4.2" },
    { name = "numpy", specifier = ">=2.2.6" },
    { name = "sympy", specifier = ">=1.14.0" },
]

[[package]]
name = "sympy"
version = "1.14.0"
source = { registry = "https://pypi.org/simple" }
dependencies = [
    { name = "mpmath" },
]
sdist = { url = "https://files.pythonhosted.org/packages/83/d3/803453b36afefb7c2bb238361cd4ae6125a569b4db67cd9e79846ba2d68c/sympy-1.14.0.tar.gz", hash = "sha256:d3d3fe8df1e5a0b42f0e7bdf50541697dbe7d23746e894990c030e2b05e72517", size = 7793921 }
wheels = [
    { url = "https://files.pythonhosted.org/packages/a2/09/77d55d46fd61b4a135c444fc97158ef34a095e5681d0a6c10b75bf356191/sympy-1.14.0-py3-none-any.whl", hash = "sha256:e091cc3e99d2141a0ba2847328f5479b05d94a6635cb96148ccb3f34671bd8f5", size = 6299353 },
]
